
Microsoft Visual Studio Solution File, Format Version 12.00
# Visual Studio Version 16
VisualStudioVersion = 16.0.31702.278
MinimumVisualStudioVersion = 10.0.40219.1
Project("{FAE04EC0-301F-11D3-BF4B-00C04F79EFBC}") = "Assembly-CSharp", "Assembly-CSharp.csproj", "{CFA4B1B7-7B3A-4732-AF36-F219D19B463F}"
EndProject
Project("{FAE04EC0-301F-11D3-BF4B-00C04F79EFBC}") = "Assembly-CSharp-firstpass", "Assembly-CSharp-firstpass.csproj", "{5C4FDA12-88A4-CE87-AF16-A31F6139A84F}"
EndProject
Project("{FAE04EC0-301F-11D3-BF4B-00C04F79EFBC}") = "Assembly-CSharp-Editor", "Assembly-CSharp-Editor.csproj", "{E62F1F95-2D2E-40FE-B03E-4B8BFCA658C9}"
EndProject
Global
	GlobalSection(SolutionConfigurationPlatforms) = preSolution
		Debug|Any CPU = Debug|Any CPU
		Release|Any CPU = Release|Any CPU
	EndGlobalSection
	GlobalSection(ProjectConfigurationPlatforms) = postSolution
		{CFA4B1B7-7B3A-4732-AF36-F219D19B463F}.Debug|Any CPU.ActiveCfg = Debug|Any CPU
		{CFA4B1B7-7B3A-4732-AF36-F219D19B463F}.Debug|Any CPU.Build.0 = Debug|Any CPU
		{CFA4B1B7-7B3A-4732-AF36-F219D19B463F}.Release|Any CPU.ActiveCfg = Release|Any CPU
		{CFA4B1B7-7B3A-4732-AF36-F219D19B463F}.Release|Any CPU.Build.0 = Release|Any CPU
		{5C4FDA12-88A4-CE87-AF16-A31F6139A84F}.Debug|Any CPU.ActiveCfg = Debug|Any CPU
		{5C4FDA12-88A4-CE87-AF16-A31F6139A84F}.Debug|Any CPU.Build.0 = Debug|Any CPU
		{5C4FDA12-88A4-CE87-AF16-A31F6139A84F}.Release|Any CPU.ActiveCfg = Release|Any CPU
		{5C4FDA12-88A4-CE87-AF16-A31F6139A84F}.Release|Any CPU.Build.0 = Release|Any CPU
		{E62F1F95-2D2E-40FE-B03E-4B8BFCA658C9}.Debug|Any CPU.ActiveCfg = Debug|Any CPU
		{E62F1F95-2D2E-40FE-B03E-4B8BFCA658C9}.Debug|Any CPU.Build.0 = Debug|Any CPU
		{E62F1F95-2D2E-40FE-B03E-4B8BFCA658C9}.Release|Any CPU.ActiveCfg = Release|Any CPU
		{E62F1F95-2D2E-40FE-B03E-4B8BFCA658C9}.Release|Any CPU.Build.0 = Release|Any CPU
	EndGlobalSection
	GlobalSection(SolutionProperties) = preSolution
		HideSolutionNode = FALSE
	EndGlobalSection
	GlobalSection(ExtensibilityGlobals) = postSolution
		SolutionGuid = {A5A59DBC-2DB0-47FD-A34E-3EF5E29D346C}
	EndGlobalSection
EndGlobal
