
Microsoft Visual Studio Solution File, Format Version 11.00
# Visual Studio 2010
Project("{FAE04EC0-301F-11D3-BF4B-00C04F79EFBC}") = "Assembly-CSharp", "Assembly-CSharp.csproj", "{3E03EFE6-1C0E-60FF-3F61-D911BDA1B707}"
EndProject
Project("{FAE04EC0-301F-11D3-BF4B-00C04F79EFBC}") = "Assembly-CSharp-firstpass", "Assembly-CSharp-firstpass.csproj", "{9C5D38B2-29B1-9AEA-AC3C-0AEDF5F7A84C}"
EndProject
Project("{FAE04EC0-301F-11D3-BF4B-00C04F79EFBC}") = "Assembly-CSharp-Editor", "Assembly-CSharp-Editor.csproj", "{E62F1F95-2D2E-40FE-B03E-4B8BFCA658C9}"
EndProject
Global
	GlobalSection(SolutionConfigurationPlatforms) = preSolution
		Debug|Any CPU = Debug|Any CPU
		Release|Any CPU = Release|Any CPU
	EndGlobalSection
	GlobalSection(ProjectConfigurationPlatforms) = postSolution
		{3E03EFE6-1C0E-60FF-3F61-D911BDA1B707}.Debug|Any CPU.ActiveCfg = Debug|Any CPU
		{3E03EFE6-1C0E-60FF-3F61-D911BDA1B707}.Debug|Any CPU.Build.0 = Debug|Any CPU
		{3E03EFE6-1C0E-60FF-3F61-D911BDA1B707}.Release|Any CPU.ActiveCfg = Release|Any CPU
		{3E03EFE6-1C0E-60FF-3F61-D911BDA1B707}.Release|Any CPU.Build.0 = Release|Any CPU
		{9C5D38B2-29B1-9AEA-AC3C-0AEDF5F7A84C}.Debug|Any CPU.ActiveCfg = Debug|Any CPU
		{9C5D38B2-29B1-9AEA-AC3C-0AEDF5F7A84C}.Debug|Any CPU.Build.0 = Debug|Any CPU
		{9C5D38B2-29B1-9AEA-AC3C-0AEDF5F7A84C}.Release|Any CPU.ActiveCfg = Release|Any CPU
		{9C5D38B2-29B1-9AEA-AC3C-0AEDF5F7A84C}.Release|Any CPU.Build.0 = Release|Any CPU
		{E62F1F95-2D2E-40FE-B03E-4B8BFCA658C9}.Debug|Any CPU.ActiveCfg = Debug|Any CPU
		{E62F1F95-2D2E-40FE-B03E-4B8BFCA658C9}.Debug|Any CPU.Build.0 = Debug|Any CPU
		{E62F1F95-2D2E-40FE-B03E-4B8BFCA658C9}.Release|Any CPU.ActiveCfg = Release|Any CPU
		{E62F1F95-2D2E-40FE-B03E-4B8BFCA658C9}.Release|Any CPU.Build.0 = Release|Any CPU
	EndGlobalSection
	GlobalSection(SolutionProperties) = preSolution
		HideSolutionNode = FALSE
	EndGlobalSection
EndGlobal
